
Microsoft Visual Studio Solution File, Format Version 12.00
# Visual Studio Version 16
VisualStudioVersion = 16.0.30413.136
MinimumVisualStudioVersion = 10.0.40219.1
Project("{FAE04EC0-301F-11D3-BF4B-00C04F79EFBC}") = "creditweb", "creditweb.csproj", "{1B387C22-0DA9-4996-A385-AF5AAFBE2285}"
EndProject
Global
	GlobalSection(SolutionConfigurationPlatforms) = preSolution
		Debug|Any CPU = Debug|Any CPU
		Release|Any CPU = Release|Any CPU
	EndGlobalSection
	GlobalSection(ProjectConfigurationPlatforms) = postSolution
		{1B387C22-0DA9-4996-A385-AF5AAFBE2285}.Debug|Any CPU.ActiveCfg = Debug|Any CPU
		{1B387C22-0DA9-4996-A385-AF5AAFBE2285}.Debug|Any CPU.Build.0 = Debug|Any CPU
		{1B387C22-0DA9-4996-A385-AF5AAFBE2285}.Release|Any CPU.ActiveCfg = Release|Any CPU
		{1B387C22-0DA9-4996-A385-AF5AAFBE2285}.Release|Any CPU.Build.0 = Release|Any CPU
	EndGlobalSection
	GlobalSection(SolutionProperties) = preSolution
		HideSolutionNode = FALSE
	EndGlobalSection
	GlobalSection(ExtensibilityGlobals) = postSolution
		SolutionGuid = {715E4022-7D41-4FF6-B11D-B48F2DDC413C}
	EndGlobalSection
EndGlobal
